
Microsoft Visual Studio Solution File, Format Version 12.00
# Visual Studio Version 17
VisualStudioVersion = 17.14.36414.22 d17.14
MinimumVisualStudioVersion = 10.0.40219.1
Project("{FAE04EC0-301F-11D3-BF4B-00C04F79EFBC}") = "LB1", "LB1\LB1.csproj", "{6726AC35-89AD-47E3-8421-E50F8930DC9F}"
EndProject
Global
	GlobalSection(SolutionConfigurationPlatforms) = preSolution
		Debug|Any CPU = Debug|Any CPU
		Release|Any CPU = Release|Any CPU
	EndGlobalSection
	GlobalSection(ProjectConfigurationPlatforms) = postSolution
		{6726AC35-89AD-47E3-8421-E50F8930DC9F}.Debug|Any CPU.ActiveCfg = Debug|Any CPU
		{6726AC35-89AD-47E3-8421-E50F8930DC9F}.Debug|Any CPU.Build.0 = Debug|Any CPU
		{6726AC35-89AD-47E3-8421-E50F8930DC9F}.Release|Any CPU.ActiveCfg = Release|Any CPU
		{6726AC35-89AD-47E3-8421-E50F8930DC9F}.Release|Any CPU.Build.0 = Release|Any CPU
	EndGlobalSection
	GlobalSection(SolutionProperties) = preSolution
		HideSolutionNode = FALSE
	EndGlobalSection
	GlobalSection(ExtensibilityGlobals) = postSolution
		SolutionGuid = {47754B55-C0CC-4D59-B27F-E7C3B77F5BB6}
	EndGlobalSection
EndGlobal
